<?xml version="1.0" encoding="UTF-8" standalone="yes" ?>
<CodeBlocks_project_file>
	<FileVersion major="1" minor="6" />
	<Project>
		<Option title="Website" />
		<Option compiler="gcc" />
		<Build>
			<Target title="default">
				<Option output="Cmakefiles" prefix_auto="1" extension_auto="1" />
				<Option type="0" />
				<Option compiler="gcc" />
			</Target>
		</Build>
		<Unit filename="..\..\website\content.php" />
		<Unit filename="..\..\website\index.php" />
		<Unit filename="..\..\website\page.php" />
		<Unit filename="..\..\website\source-highlight-cpp.bat" />
		<Unit filename="..\..\website\source-highlight-py.bat" />
		<Unit filename="..\..\website\src\content.php" />
		<Unit filename="..\..\website\src\index.php" />
		<Unit filename="..\..\website\src\page.php" />
		<Unit filename="..\..\website\unittestpp\Main.cpp" />
		<Unit filename="..\..\website\unittestpp\TestReporterTestDoxStdout.cpp" />
		<Unit filename="..\..\website\unittestpp\TestReporterTestDoxStdout.h" />
		<Unit filename="..\..\website\unittestpp\index.php" />
		<Unit filename="..\..\website\unittestpp\page.php" />
		<Extensions>
			<code_completion />
			<envvars />
			<debugger />
		</Extensions>
	</Project>
</CodeBlocks_project_file>
